
Microsoft Visual Studio Solution File, Format Version 12.00
# Visual Studio Version 16
VisualStudioVersion = 16.0.30011.22
MinimumVisualStudioVersion = 10.0.40219.1
Project("{FAE04EC0-301F-11D3-BF4B-00C04F79EFBC}") = "UseCL", "UseCL.csproj", "{1264283E-1BFB-48D2-921F-DEE004A522F1}"
EndProject
Global
	GlobalSection(SolutionConfigurationPlatforms) = preSolution
		Debug|Any CPU = Debug|Any CPU
		Release|Any CPU = Release|Any CPU
	EndGlobalSection
	GlobalSection(ProjectConfigurationPlatforms) = postSolution
		{1264283E-1BFB-48D2-921F-DEE004A522F1}.Debug|Any CPU.ActiveCfg = Debug|Any CPU
		{1264283E-1BFB-48D2-921F-DEE004A522F1}.Debug|Any CPU.Build.0 = Debug|Any CPU
		{1264283E-1BFB-48D2-921F-DEE004A522F1}.Release|Any CPU.ActiveCfg = Release|Any CPU
		{1264283E-1BFB-48D2-921F-DEE004A522F1}.Release|Any CPU.Build.0 = Release|Any CPU
	EndGlobalSection
	GlobalSection(SolutionProperties) = preSolution
		HideSolutionNode = FALSE
	EndGlobalSection
	GlobalSection(ExtensibilityGlobals) = postSolution
		SolutionGuid = {4444BFAF-0E39-4F13-9B38-878B3B77B4F9}
	EndGlobalSection
EndGlobal
